
Microsoft Visual Studio Solution File, Format Version 12.00
# Visual Studio 2013
VisualStudioVersion = 12.0.31101.0
MinimumVisualStudioVersion = 10.0.40219.1
Project("{FAE04EC0-301F-11D3-BF4B-00C04F79EFBC}") = "Microsoft.Band.Portable", "Microsoft.Band.Portable\Microsoft.Band.Portable\Microsoft.Band.Portable.csproj", "{9D7936CA-FE7F-4306-912D-809AC6C1E6A1}"
EndProject
Project("{FAE04EC0-301F-11D3-BF4B-00C04F79EFBC}") = "Microsoft.Band.Portable.Android", "Microsoft.Band.Portable\Microsoft.Band.Portable.Android\Microsoft.Band.Portable.Android.csproj", "{DE38BD3A-A63F-4B12-8763-55620B9D1CB7}"
EndProject
Project("{FAE04EC0-301F-11D3-BF4B-00C04F79EFBC}") = "Microsoft.Band.Portable.iOS", "Microsoft.Band.Portable\Microsoft.Band.Portable.iOS\Microsoft.Band.Portable.iOS.csproj", "{F6610E9B-A47D-4616-BDFA-B148F3BDC9AA}"
EndProject
Project("{FAE04EC0-301F-11D3-BF4B-00C04F79EFBC}") = "Microsoft.Band.Portable.Phone", "Microsoft.Band.Portable\Microsoft.Band.Portable.Phone\Microsoft.Band.Portable.Phone.csproj", "{5CCB973C-6923-46AE-A571-D3A6BAA4E5DD}"
EndProject
Project("{2150E333-8FDC-42A3-9474-1A3956D46DE8}") = "Bindings", "Bindings", "{C657A62B-89C5-417F-92E9-33A4D04009CD}"
EndProject
Project("{FAE04EC0-301F-11D3-BF4B-00C04F79EFBC}") = "Microsoft.Band.Android", "Microsoft.Band\Microsoft.Band.Android\Microsoft.Band.Android.csproj", "{D06A37DB-36DE-4D8C-9CB8-0763F485B1C7}"
EndProject
Project("{FAE04EC0-301F-11D3-BF4B-00C04F79EFBC}") = "Microsoft.Band.iOS", "Microsoft.Band\Microsoft.Band.iOS\Microsoft.Band.iOS.csproj", "{A5D3F484-DFD7-4C75-9FF6-ACF3BDE02B49}"
EndProject
Project("{FAE04EC0-301F-11D3-BF4B-00C04F79EFBC}") = "Microsoft.Band.Portable.Windows", "Microsoft.Band.Portable\Microsoft.Band.Portable.Windows\Microsoft.Band.Portable.Windows.csproj", "{E207466A-B533-4808-94A2-6B3D91BC32CA}"
EndProject
Project("{2150E333-8FDC-42A3-9474-1A3956D46DE8}") = "Tests", "Tests", "{FCF4A990-483C-4997-84F9-775E46293588}"
EndProject
Project("{FAE04EC0-301F-11D3-BF4B-00C04F79EFBC}") = "Microsoft.Band.Portable.Phone.Tests", "Tests\Microsoft.Band.Portable.Phone.Tests\Microsoft.Band.Portable.Phone.Tests.csproj", "{0BE25928-4FAC-4BB6-A435-E5EDF5B4F8B4}"
EndProject
Project("{FAE04EC0-301F-11D3-BF4B-00C04F79EFBC}") = "Microsoft.Band.Portable.Tests", "Tests\Microsoft.Band.Portable.Tests\Microsoft.Band.Portable.Tests.csproj", "{417ABF13-8713-4D36-9233-A86DD8070F48}"
EndProject
Global
	GlobalSection(SolutionConfigurationPlatforms) = preSolution
		Debug|Any CPU = Debug|Any CPU
		Debug|ARM = Debug|ARM
		Debug|Mixed Platforms = Debug|Mixed Platforms
		Debug|x86 = Debug|x86
		Release|Any CPU = Release|Any CPU
		Release|ARM = Release|ARM
		Release|Mixed Platforms = Release|Mixed Platforms
		Release|x86 = Release|x86
	EndGlobalSection
	GlobalSection(ProjectConfigurationPlatforms) = postSolution
		{9D7936CA-FE7F-4306-912D-809AC6C1E6A1}.Debug|Any CPU.ActiveCfg = Debug|Any CPU
		{9D7936CA-FE7F-4306-912D-809AC6C1E6A1}.Debug|Any CPU.Build.0 = Debug|Any CPU
		{9D7936CA-FE7F-4306-912D-809AC6C1E6A1}.Debug|ARM.ActiveCfg = Debug|Any CPU
		{9D7936CA-FE7F-4306-912D-809AC6C1E6A1}.Debug|Mixed Platforms.ActiveCfg = Debug|Any CPU
		{9D7936CA-FE7F-4306-912D-809AC6C1E6A1}.Debug|Mixed Platforms.Build.0 = Debug|Any CPU
		{9D7936CA-FE7F-4306-912D-809AC6C1E6A1}.Debug|x86.ActiveCfg = Debug|Any CPU
		{9D7936CA-FE7F-4306-912D-809AC6C1E6A1}.Release|Any CPU.ActiveCfg = Release|Any CPU
		{9D7936CA-FE7F-4306-912D-809AC6C1E6A1}.Release|Any CPU.Build.0 = Release|Any CPU
		{9D7936CA-FE7F-4306-912D-809AC6C1E6A1}.Release|ARM.ActiveCfg = Release|Any CPU
		{9D7936CA-FE7F-4306-912D-809AC6C1E6A1}.Release|Mixed Platforms.ActiveCfg = Release|Any CPU
		{9D7936CA-FE7F-4306-912D-809AC6C1E6A1}.Release|Mixed Platforms.Build.0 = Release|Any CPU
		{9D7936CA-FE7F-4306-912D-809AC6C1E6A1}.Release|x86.ActiveCfg = Release|Any CPU
		{DE38BD3A-A63F-4B12-8763-55620B9D1CB7}.Debug|Any CPU.ActiveCfg = Debug|Any CPU
		{DE38BD3A-A63F-4B12-8763-55620B9D1CB7}.Debug|Any CPU.Build.0 = Debug|Any CPU
		{DE38BD3A-A63F-4B12-8763-55620B9D1CB7}.Debug|ARM.ActiveCfg = Debug|Any CPU
		{DE38BD3A-A63F-4B12-8763-55620B9D1CB7}.Debug|Mixed Platforms.ActiveCfg = Debug|Any CPU
		{DE38BD3A-A63F-4B12-8763-55620B9D1CB7}.Debug|Mixed Platforms.Build.0 = Debug|Any CPU
		{DE38BD3A-A63F-4B12-8763-55620B9D1CB7}.Debug|x86.ActiveCfg = Debug|Any CPU
		{DE38BD3A-A63F-4B12-8763-55620B9D1CB7}.Release|Any CPU.ActiveCfg = Release|Any CPU
		{DE38BD3A-A63F-4B12-8763-55620B9D1CB7}.Release|Any CPU.Build.0 = Release|Any CPU
		{DE38BD3A-A63F-4B12-8763-55620B9D1CB7}.Release|ARM.ActiveCfg = Release|Any CPU
		{DE38BD3A-A63F-4B12-8763-55620B9D1CB7}.Release|Mixed Platforms.ActiveCfg = Release|Any CPU
		{DE38BD3A-A63F-4B12-8763-55620B9D1CB7}.Release|Mixed Platforms.Build.0 = Release|Any CPU
		{DE38BD3A-A63F-4B12-8763-55620B9D1CB7}.Release|x86.ActiveCfg = Release|Any CPU
		{F6610E9B-A47D-4616-BDFA-B148F3BDC9AA}.Debug|Any CPU.ActiveCfg = Debug|Any CPU
		{F6610E9B-A47D-4616-BDFA-B148F3BDC9AA}.Debug|Any CPU.Build.0 = Debug|Any CPU
		{F6610E9B-A47D-4616-BDFA-B148F3BDC9AA}.Debug|ARM.ActiveCfg = Debug|Any CPU
		{F6610E9B-A47D-4616-BDFA-B148F3BDC9AA}.Debug|Mixed Platforms.ActiveCfg = Debug|Any CPU
		{F6610E9B-A47D-4616-BDFA-B148F3BDC9AA}.Debug|Mixed Platforms.Build.0 = Debug|Any CPU
		{F6610E9B-A47D-4616-BDFA-B148F3BDC9AA}.Debug|x86.ActiveCfg = Debug|Any CPU
		{F6610E9B-A47D-4616-BDFA-B148F3BDC9AA}.Release|Any CPU.ActiveCfg = Release|Any CPU
		{F6610E9B-A47D-4616-BDFA-B148F3BDC9AA}.Release|Any CPU.Build.0 = Release|Any CPU
		{F6610E9B-A47D-4616-BDFA-B148F3BDC9AA}.Release|ARM.ActiveCfg = Release|Any CPU
		{F6610E9B-A47D-4616-BDFA-B148F3BDC9AA}.Release|Mixed Platforms.ActiveCfg = Release|Any CPU
		{F6610E9B-A47D-4616-BDFA-B148F3BDC9AA}.Release|Mixed Platforms.Build.0 = Release|Any CPU
		{F6610E9B-A47D-4616-BDFA-B148F3BDC9AA}.Release|x86.ActiveCfg = Release|Any CPU
		{5CCB973C-6923-46AE-A571-D3A6BAA4E5DD}.Debug|Any CPU.ActiveCfg = Debug|Any CPU
		{5CCB973C-6923-46AE-A571-D3A6BAA4E5DD}.Debug|Any CPU.Build.0 = Debug|Any CPU
		{5CCB973C-6923-46AE-A571-D3A6BAA4E5DD}.Debug|ARM.ActiveCfg = Debug|ARM
		{5CCB973C-6923-46AE-A571-D3A6BAA4E5DD}.Debug|ARM.Build.0 = Debug|ARM
		{5CCB973C-6923-46AE-A571-D3A6BAA4E5DD}.Debug|Mixed Platforms.ActiveCfg = Debug|x86
		{5CCB973C-6923-46AE-A571-D3A6BAA4E5DD}.Debug|Mixed Platforms.Build.0 = Debug|x86
		{5CCB973C-6923-46AE-A571-D3A6BAA4E5DD}.Debug|x86.ActiveCfg = Debug|x86
		{5CCB973C-6923-46AE-A571-D3A6BAA4E5DD}.Debug|x86.Build.0 = Debug|x86
		{5CCB973C-6923-46AE-A571-D3A6BAA4E5DD}.Release|Any CPU.ActiveCfg = Release|Any CPU
		{5CCB973C-6923-46AE-A571-D3A6BAA4E5DD}.Release|Any CPU.Build.0 = Release|Any CPU
		{5CCB973C-6923-46AE-A571-D3A6BAA4E5DD}.Release|ARM.ActiveCfg = Release|ARM
		{5CCB973C-6923-46AE-A571-D3A6BAA4E5DD}.Release|ARM.Build.0 = Release|ARM
		{5CCB973C-6923-46AE-A571-D3A6BAA4E5DD}.Release|Mixed Platforms.ActiveCfg = Release|x86
		{5CCB973C-6923-46AE-A571-D3A6BAA4E5DD}.Release|Mixed Platforms.Build.0 = Release|x86
		{5CCB973C-6923-46AE-A571-D3A6BAA4E5DD}.Release|x86.ActiveCfg = Release|x86
		{5CCB973C-6923-46AE-A571-D3A6BAA4E5DD}.Release|x86.Build.0 = Release|x86
		{D06A37DB-36DE-4D8C-9CB8-0763F485B1C7}.Debug|Any CPU.ActiveCfg = Debug|Any CPU
		{D06A37DB-36DE-4D8C-9CB8-0763F485B1C7}.Debug|Any CPU.Build.0 = Debug|Any CPU
		{D06A37DB-36DE-4D8C-9CB8-0763F485B1C7}.Debug|ARM.ActiveCfg = Debug|Any CPU
		{D06A37DB-36DE-4D8C-9CB8-0763F485B1C7}.Debug|Mixed Platforms.ActiveCfg = Debug|Any CPU
		{D06A37DB-36DE-4D8C-9CB8-0763F485B1C7}.Debug|Mixed Platforms.Build.0 = Debug|Any CPU
		{D06A37DB-36DE-4D8C-9CB8-0763F485B1C7}.Debug|x86.ActiveCfg = Debug|Any CPU
		{D06A37DB-36DE-4D8C-9CB8-0763F485B1C7}.Release|Any CPU.ActiveCfg = Release|Any CPU
		{D06A37DB-36DE-4D8C-9CB8-0763F485B1C7}.Release|Any CPU.Build.0 = Release|Any CPU
		{D06A37DB-36DE-4D8C-9CB8-0763F485B1C7}.Release|ARM.ActiveCfg = Release|Any CPU
		{D06A37DB-36DE-4D8C-9CB8-0763F485B1C7}.Release|Mixed Platforms.ActiveCfg = Release|Any CPU
		{D06A37DB-36DE-4D8C-9CB8-0763F485B1C7}.Release|Mixed Platforms.Build.0 = Release|Any CPU
		{D06A37DB-36DE-4D8C-9CB8-0763F485B1C7}.Release|x86.ActiveCfg = Release|Any CPU
		{A5D3F484-DFD7-4C75-9FF6-ACF3BDE02B49}.Debug|Any CPU.ActiveCfg = Debug|Any CPU
		{A5D3F484-DFD7-4C75-9FF6-ACF3BDE02B49}.Debug|Any CPU.Build.0 = Debug|Any CPU
		{A5D3F484-DFD7-4C75-9FF6-ACF3BDE02B49}.Debug|ARM.ActiveCfg = Debug|Any CPU
		{A5D3F484-DFD7-4C75-9FF6-ACF3BDE02B49}.Debug|Mixed Platforms.ActiveCfg = Debug|Any CPU
		{A5D3F484-DFD7-4C75-9FF6-ACF3BDE02B49}.Debug|Mixed Platforms.Build.0 = Debug|Any CPU
		{A5D3F484-DFD7-4C75-9FF6-ACF3BDE02B49}.Debug|x86.ActiveCfg = Debug|Any CPU
		{A5D3F484-DFD7-4C75-9FF6-ACF3BDE02B49}.Release|Any CPU.ActiveCfg = Release|Any CPU
		{A5D3F484-DFD7-4C75-9FF6-ACF3BDE02B49}.Release|Any CPU.Build.0 = Release|Any CPU
		{A5D3F484-DFD7-4C75-9FF6-ACF3BDE02B49}.Release|ARM.ActiveCfg = Release|Any CPU
		{A5D3F484-DFD7-4C75-9FF6-ACF3BDE02B49}.Release|Mixed Platforms.ActiveCfg = Release|Any CPU
		{A5D3F484-DFD7-4C75-9FF6-ACF3BDE02B49}.Release|Mixed Platforms.Build.0 = Release|Any CPU
		{A5D3F484-DFD7-4C75-9FF6-ACF3BDE02B49}.Release|x86.ActiveCfg = Release|Any CPU
		{E207466A-B533-4808-94A2-6B3D91BC32CA}.Debug|Any CPU.ActiveCfg = Debug|Any CPU
		{E207466A-B533-4808-94A2-6B3D91BC32CA}.Debug|Any CPU.Build.0 = Debug|Any CPU
		{E207466A-B533-4808-94A2-6B3D91BC32CA}.Debug|ARM.ActiveCfg = Debug|Any CPU
		{E207466A-B533-4808-94A2-6B3D91BC32CA}.Debug|Mixed Platforms.ActiveCfg = Debug|Any CPU
		{E207466A-B533-4808-94A2-6B3D91BC32CA}.Debug|Mixed Platforms.Build.0 = Debug|Any CPU
		{E207466A-B533-4808-94A2-6B3D91BC32CA}.Debug|x86.ActiveCfg = Debug|Any CPU
		{E207466A-B533-4808-94A2-6B3D91BC32CA}.Release|Any CPU.ActiveCfg = Release|Any CPU
		{E207466A-B533-4808-94A2-6B3D91BC32CA}.Release|Any CPU.Build.0 = Release|Any CPU
		{E207466A-B533-4808-94A2-6B3D91BC32CA}.Release|ARM.ActiveCfg = Release|Any CPU
		{E207466A-B533-4808-94A2-6B3D91BC32CA}.Release|Mixed Platforms.ActiveCfg = Release|Any CPU
		{E207466A-B533-4808-94A2-6B3D91BC32CA}.Release|Mixed Platforms.Build.0 = Release|Any CPU
		{E207466A-B533-4808-94A2-6B3D91BC32CA}.Release|x86.ActiveCfg = Release|Any CPU
		{0BE25928-4FAC-4BB6-A435-E5EDF5B4F8B4}.Debug|Any CPU.ActiveCfg = Debug|x86
		{0BE25928-4FAC-4BB6-A435-E5EDF5B4F8B4}.Debug|Any CPU.Build.0 = Debug|x86
		{0BE25928-4FAC-4BB6-A435-E5EDF5B4F8B4}.Debug|Any CPU.Deploy.0 = Debug|x86
		{0BE25928-4FAC-4BB6-A435-E5EDF5B4F8B4}.Debug|ARM.ActiveCfg = Debug|ARM
		{0BE25928-4FAC-4BB6-A435-E5EDF5B4F8B4}.Debug|ARM.Build.0 = Debug|ARM
		{0BE25928-4FAC-4BB6-A435-E5EDF5B4F8B4}.Debug|ARM.Deploy.0 = Debug|ARM
		{0BE25928-4FAC-4BB6-A435-E5EDF5B4F8B4}.Debug|Mixed Platforms.ActiveCfg = Debug|x86
		{0BE25928-4FAC-4BB6-A435-E5EDF5B4F8B4}.Debug|Mixed Platforms.Build.0 = Debug|x86
		{0BE25928-4FAC-4BB6-A435-E5EDF5B4F8B4}.Debug|Mixed Platforms.Deploy.0 = Debug|x86
		{0BE25928-4FAC-4BB6-A435-E5EDF5B4F8B4}.Debug|x86.ActiveCfg = Debug|x86
		{0BE25928-4FAC-4BB6-A435-E5EDF5B4F8B4}.Debug|x86.Build.0 = Debug|x86
		{0BE25928-4FAC-4BB6-A435-E5EDF5B4F8B4}.Debug|x86.Deploy.0 = Debug|x86
		{0BE25928-4FAC-4BB6-A435-E5EDF5B4F8B4}.Release|Any CPU.ActiveCfg = Release|x86
		{0BE25928-4FAC-4BB6-A435-E5EDF5B4F8B4}.Release|ARM.ActiveCfg = Release|ARM
		{0BE25928-4FAC-4BB6-A435-E5EDF5B4F8B4}.Release|ARM.Build.0 = Release|ARM
		{0BE25928-4FAC-4BB6-A435-E5EDF5B4F8B4}.Release|ARM.Deploy.0 = Release|ARM
		{0BE25928-4FAC-4BB6-A435-E5EDF5B4F8B4}.Release|Mixed Platforms.ActiveCfg = Release|x86
		{0BE25928-4FAC-4BB6-A435-E5EDF5B4F8B4}.Release|Mixed Platforms.Build.0 = Release|x86
		{0BE25928-4FAC-4BB6-A435-E5EDF5B4F8B4}.Release|Mixed Platforms.Deploy.0 = Release|x86
		{0BE25928-4FAC-4BB6-A435-E5EDF5B4F8B4}.Release|x86.ActiveCfg = Release|x86
		{0BE25928-4FAC-4BB6-A435-E5EDF5B4F8B4}.Release|x86.Build.0 = Release|x86
		{0BE25928-4FAC-4BB6-A435-E5EDF5B4F8B4}.Release|x86.Deploy.0 = Release|x86
		{417ABF13-8713-4D36-9233-A86DD8070F48}.Debug|Any CPU.ActiveCfg = Debug|Any CPU
		{417ABF13-8713-4D36-9233-A86DD8070F48}.Debug|Any CPU.Build.0 = Debug|Any CPU
		{417ABF13-8713-4D36-9233-A86DD8070F48}.Debug|ARM.ActiveCfg = Debug|Any CPU
		{417ABF13-8713-4D36-9233-A86DD8070F48}.Debug|Mixed Platforms.ActiveCfg = Debug|Any CPU
		{417ABF13-8713-4D36-9233-A86DD8070F48}.Debug|Mixed Platforms.Build.0 = Debug|Any CPU
		{417ABF13-8713-4D36-9233-A86DD8070F48}.Debug|x86.ActiveCfg = Debug|Any CPU
		{417ABF13-8713-4D36-9233-A86DD8070F48}.Release|Any CPU.ActiveCfg = Release|Any CPU
		{417ABF13-8713-4D36-9233-A86DD8070F48}.Release|Any CPU.Build.0 = Release|Any CPU
		{417ABF13-8713-4D36-9233-A86DD8070F48}.Release|ARM.ActiveCfg = Release|Any CPU
		{417ABF13-8713-4D36-9233-A86DD8070F48}.Release|Mixed Platforms.ActiveCfg = Release|Any CPU
		{417ABF13-8713-4D36-9233-A86DD8070F48}.Release|Mixed Platforms.Build.0 = Release|Any CPU
		{417ABF13-8713-4D36-9233-A86DD8070F48}.Release|x86.ActiveCfg = Release|Any CPU
	EndGlobalSection
	GlobalSection(SolutionProperties) = preSolution
		HideSolutionNode = FALSE
	EndGlobalSection
	GlobalSection(NestedProjects) = preSolution
		{D06A37DB-36DE-4D8C-9CB8-0763F485B1C7} = {C657A62B-89C5-417F-92E9-33A4D04009CD}
		{A5D3F484-DFD7-4C75-9FF6-ACF3BDE02B49} = {C657A62B-89C5-417F-92E9-33A4D04009CD}
		{0BE25928-4FAC-4BB6-A435-E5EDF5B4F8B4} = {FCF4A990-483C-4997-84F9-775E46293588}
		{417ABF13-8713-4D36-9233-A86DD8070F48} = {FCF4A990-483C-4997-84F9-775E46293588}
	EndGlobalSection
EndGlobal
